
Microsoft Visual Studio Solution File, Format Version 12.00
# Visual Studio 15
VisualStudioVersion = 15.0.27428.2011
MinimumVisualStudioVersion = 10.0.40219.1
Project("{FAE04EC0-301F-11D3-BF4B-00C04F79EFBC}") = "GymProgress.Android", "GymProgress\GymProgress.Android\GymProgress.Android.csproj", "{CA745FBD-A600-44D4-B998-DEBB0C2D20B8}"
EndProject
Project("{FAE04EC0-301F-11D3-BF4B-00C04F79EFBC}") = "GymProgress.UWP", "GymProgress\GymProgress.UWP\GymProgress.UWP.csproj", "{3ED1052A-CBB1-4475-870F-E7A843E745E9}"
EndProject
Project("{FAE04EC0-301F-11D3-BF4B-00C04F79EFBC}") = "GymProgress", "GymProgress\GymProgress\GymProgress.csproj", "{5CB21A9B-018F-49B8-9120-C882A27769A1}"
EndProject
Global
	GlobalSection(SolutionConfigurationPlatforms) = preSolution
		Debug|Any CPU = Debug|Any CPU
		Debug|ARM = Debug|ARM
		Debug|x64 = Debug|x64
		Debug|x86 = Debug|x86
		Release|Any CPU = Release|Any CPU
		Release|ARM = Release|ARM
		Release|x64 = Release|x64
		Release|x86 = Release|x86
	EndGlobalSection
	GlobalSection(ProjectConfigurationPlatforms) = postSolution
		{CA745FBD-A600-44D4-B998-DEBB0C2D20B8}.Debug|Any CPU.ActiveCfg = Debug|Any CPU
		{CA745FBD-A600-44D4-B998-DEBB0C2D20B8}.Debug|Any CPU.Build.0 = Debug|Any CPU
		{CA745FBD-A600-44D4-B998-DEBB0C2D20B8}.Debug|Any CPU.Deploy.0 = Debug|Any CPU
		{CA745FBD-A600-44D4-B998-DEBB0C2D20B8}.Debug|ARM.ActiveCfg = Debug|Any CPU
		{CA745FBD-A600-44D4-B998-DEBB0C2D20B8}.Debug|ARM.Build.0 = Debug|Any CPU
		{CA745FBD-A600-44D4-B998-DEBB0C2D20B8}.Debug|ARM.Deploy.0 = Debug|Any CPU
		{CA745FBD-A600-44D4-B998-DEBB0C2D20B8}.Debug|x64.ActiveCfg = Debug|Any CPU
		{CA745FBD-A600-44D4-B998-DEBB0C2D20B8}.Debug|x64.Build.0 = Debug|Any CPU
		{CA745FBD-A600-44D4-B998-DEBB0C2D20B8}.Debug|x64.Deploy.0 = Debug|Any CPU
		{CA745FBD-A600-44D4-B998-DEBB0C2D20B8}.Debug|x86.ActiveCfg = Debug|Any CPU
		{CA745FBD-A600-44D4-B998-DEBB0C2D20B8}.Debug|x86.Build.0 = Debug|Any CPU
		{CA745FBD-A600-44D4-B998-DEBB0C2D20B8}.Debug|x86.Deploy.0 = Debug|Any CPU
		{CA745FBD-A600-44D4-B998-DEBB0C2D20B8}.Release|Any CPU.ActiveCfg = Release|Any CPU
		{CA745FBD-A600-44D4-B998-DEBB0C2D20B8}.Release|Any CPU.Build.0 = Release|Any CPU
		{CA745FBD-A600-44D4-B998-DEBB0C2D20B8}.Release|Any CPU.Deploy.0 = Release|Any CPU
		{CA745FBD-A600-44D4-B998-DEBB0C2D20B8}.Release|ARM.ActiveCfg = Release|Any CPU
		{CA745FBD-A600-44D4-B998-DEBB0C2D20B8}.Release|ARM.Build.0 = Release|Any CPU
		{CA745FBD-A600-44D4-B998-DEBB0C2D20B8}.Release|ARM.Deploy.0 = Release|Any CPU
		{CA745FBD-A600-44D4-B998-DEBB0C2D20B8}.Release|x64.ActiveCfg = Release|Any CPU
		{CA745FBD-A600-44D4-B998-DEBB0C2D20B8}.Release|x64.Build.0 = Release|Any CPU
		{CA745FBD-A600-44D4-B998-DEBB0C2D20B8}.Release|x64.Deploy.0 = Release|Any CPU
		{CA745FBD-A600-44D4-B998-DEBB0C2D20B8}.Release|x86.ActiveCfg = Release|Any CPU
		{CA745FBD-A600-44D4-B998-DEBB0C2D20B8}.Release|x86.Build.0 = Release|Any CPU
		{CA745FBD-A600-44D4-B998-DEBB0C2D20B8}.Release|x86.Deploy.0 = Release|Any CPU
		{3ED1052A-CBB1-4475-870F-E7A843E745E9}.Debug|Any CPU.ActiveCfg = Debug|x86
		{3ED1052A-CBB1-4475-870F-E7A843E745E9}.Debug|ARM.ActiveCfg = Debug|ARM
		{3ED1052A-CBB1-4475-870F-E7A843E745E9}.Debug|ARM.Build.0 = Debug|ARM
		{3ED1052A-CBB1-4475-870F-E7A843E745E9}.Debug|ARM.Deploy.0 = Debug|ARM
		{3ED1052A-CBB1-4475-870F-E7A843E745E9}.Debug|x64.ActiveCfg = Debug|x64
		{3ED1052A-CBB1-4475-870F-E7A843E745E9}.Debug|x64.Build.0 = Debug|x64
		{3ED1052A-CBB1-4475-870F-E7A843E745E9}.Debug|x64.Deploy.0 = Debug|x64
		{3ED1052A-CBB1-4475-870F-E7A843E745E9}.Debug|x86.ActiveCfg = Debug|x86
		{3ED1052A-CBB1-4475-870F-E7A843E745E9}.Debug|x86.Build.0 = Debug|x86
		{3ED1052A-CBB1-4475-870F-E7A843E745E9}.Debug|x86.Deploy.0 = Debug|x86
		{3ED1052A-CBB1-4475-870F-E7A843E745E9}.Release|Any CPU.ActiveCfg = Release|x86
		{3ED1052A-CBB1-4475-870F-E7A843E745E9}.Release|ARM.ActiveCfg = Release|ARM
		{3ED1052A-CBB1-4475-870F-E7A843E745E9}.Release|ARM.Build.0 = Release|ARM
		{3ED1052A-CBB1-4475-870F-E7A843E745E9}.Release|ARM.Deploy.0 = Release|ARM
		{3ED1052A-CBB1-4475-870F-E7A843E745E9}.Release|x64.ActiveCfg = Release|x64
		{3ED1052A-CBB1-4475-870F-E7A843E745E9}.Release|x64.Build.0 = Release|x64
		{3ED1052A-CBB1-4475-870F-E7A843E745E9}.Release|x64.Deploy.0 = Release|x64
		{3ED1052A-CBB1-4475-870F-E7A843E745E9}.Release|x86.ActiveCfg = Release|x86
		{3ED1052A-CBB1-4475-870F-E7A843E745E9}.Release|x86.Build.0 = Release|x86
		{3ED1052A-CBB1-4475-870F-E7A843E745E9}.Release|x86.Deploy.0 = Release|x86
		{5CB21A9B-018F-49B8-9120-C882A27769A1}.Debug|Any CPU.ActiveCfg = Debug|Any CPU
		{5CB21A9B-018F-49B8-9120-C882A27769A1}.Debug|Any CPU.Build.0 = Debug|Any CPU
		{5CB21A9B-018F-49B8-9120-C882A27769A1}.Debug|ARM.ActiveCfg = Debug|Any CPU
		{5CB21A9B-018F-49B8-9120-C882A27769A1}.Debug|ARM.Build.0 = Debug|Any CPU
		{5CB21A9B-018F-49B8-9120-C882A27769A1}.Debug|x64.ActiveCfg = Debug|Any CPU
		{5CB21A9B-018F-49B8-9120-C882A27769A1}.Debug|x64.Build.0 = Debug|Any CPU
		{5CB21A9B-018F-49B8-9120-C882A27769A1}.Debug|x86.ActiveCfg = Debug|Any CPU
		{5CB21A9B-018F-49B8-9120-C882A27769A1}.Debug|x86.Build.0 = Debug|Any CPU
		{5CB21A9B-018F-49B8-9120-C882A27769A1}.Release|Any CPU.ActiveCfg = Release|Any CPU
		{5CB21A9B-018F-49B8-9120-C882A27769A1}.Release|Any CPU.Build.0 = Release|Any CPU
		{5CB21A9B-018F-49B8-9120-C882A27769A1}.Release|ARM.ActiveCfg = Release|Any CPU
		{5CB21A9B-018F-49B8-9120-C882A27769A1}.Release|ARM.Build.0 = Release|Any CPU
		{5CB21A9B-018F-49B8-9120-C882A27769A1}.Release|x64.ActiveCfg = Release|Any CPU
		{5CB21A9B-018F-49B8-9120-C882A27769A1}.Release|x64.Build.0 = Release|Any CPU
		{5CB21A9B-018F-49B8-9120-C882A27769A1}.Release|x86.ActiveCfg = Release|Any CPU
		{5CB21A9B-018F-49B8-9120-C882A27769A1}.Release|x86.Build.0 = Release|Any CPU
	EndGlobalSection
	GlobalSection(SolutionProperties) = preSolution
		HideSolutionNode = FALSE
	EndGlobalSection
	GlobalSection(ExtensibilityGlobals) = postSolution
		SolutionGuid = {C20C4E32-CACB-4BE0-B7DA-B55304CC4563}
	EndGlobalSection
EndGlobal
